
Microsoft Visual Studio Solution File, Format Version 12.00
# Visual Studio Version 17
VisualStudioVersion = 17.9.34622.214
MinimumVisualStudioVersion = 10.0.40219.1
Project("{9A19103F-16F7-4668-BE54-9A1E7A4F7556}") = "Monopost.DAL", "Monopost.DAL\Monopost.DAL.csproj", "{400CAE9D-59D8-4575-88DF-6A440E926EE3}"
EndProject
Project("{9A19103F-16F7-4668-BE54-9A1E7A4F7556}") = "Monopost.Web", "Monopost.Web\Monopost.Web.csproj", "{17222223-E11B-4220-A514-D5B0FA546FEC}"
EndProject
Project("{9A19103F-16F7-4668-BE54-9A1E7A4F7556}") = "Monopost.BLL", "Monopost.BLL\Monopost.BLL.csproj", "{291F2B53-D44F-4C17-8775-65BD898A9900}"
EndProject
Project("{2150E333-8FDC-42A3-9474-1A3956D46DE8}") = ".github", ".github", "{FCABE88F-8D33-40C6-BB14-28A4DBBFAA3A}"
EndProject
Project("{2150E333-8FDC-42A3-9474-1A3956D46DE8}") = "workflows", "workflows", "{17B86B54-77DE-41CE-A045-BF89E126B503}"
	ProjectSection(SolutionItems) = preProject
		dotnet.yml = dotnet.yml
	EndProjectSection
EndProject
Global
	GlobalSection(SolutionConfigurationPlatforms) = preSolution
		Debug|Any CPU = Debug|Any CPU
		Release|Any CPU = Release|Any CPU
	EndGlobalSection
	GlobalSection(ProjectConfigurationPlatforms) = postSolution
		{400CAE9D-59D8-4575-88DF-6A440E926EE3}.Debug|Any CPU.ActiveCfg = Debug|Any CPU
		{400CAE9D-59D8-4575-88DF-6A440E926EE3}.Debug|Any CPU.Build.0 = Debug|Any CPU
		{400CAE9D-59D8-4575-88DF-6A440E926EE3}.Release|Any CPU.ActiveCfg = Release|Any CPU
		{400CAE9D-59D8-4575-88DF-6A440E926EE3}.Release|Any CPU.Build.0 = Release|Any CPU
		{17222223-E11B-4220-A514-D5B0FA546FEC}.Debug|Any CPU.ActiveCfg = Debug|Any CPU
		{17222223-E11B-4220-A514-D5B0FA546FEC}.Debug|Any CPU.Build.0 = Debug|Any CPU
		{17222223-E11B-4220-A514-D5B0FA546FEC}.Release|Any CPU.ActiveCfg = Release|Any CPU
		{17222223-E11B-4220-A514-D5B0FA546FEC}.Release|Any CPU.Build.0 = Release|Any CPU
		{291F2B53-D44F-4C17-8775-65BD898A9900}.Debug|Any CPU.ActiveCfg = Debug|Any CPU
		{291F2B53-D44F-4C17-8775-65BD898A9900}.Debug|Any CPU.Build.0 = Debug|Any CPU
		{291F2B53-D44F-4C17-8775-65BD898A9900}.Release|Any CPU.ActiveCfg = Release|Any CPU
		{291F2B53-D44F-4C17-8775-65BD898A9900}.Release|Any CPU.Build.0 = Release|Any CPU
	EndGlobalSection
	GlobalSection(SolutionProperties) = preSolution
		HideSolutionNode = FALSE
	EndGlobalSection
	GlobalSection(NestedProjects) = preSolution
		{17B86B54-77DE-41CE-A045-BF89E126B503} = {FCABE88F-8D33-40C6-BB14-28A4DBBFAA3A}
	EndGlobalSection
	GlobalSection(ExtensibilityGlobals) = postSolution
		SolutionGuid = {94234535-F570-4980-8001-6230423325F5}
	EndGlobalSection
EndGlobal
